
Microsoft Visual Studio Solution File, Format Version 12.00
# Visual Studio 15
VisualStudioVersion = 15.0.26730.15
MinimumVisualStudioVersion = 10.0.40219.1
Project("{FAE04EC0-301F-11D3-BF4B-00C04F79EFBC}") = "LogsApp2", "LogsApp2\LogsApp2.csproj", "{5DD275DB-8983-4635-B93B-11851DB5C24F}"
EndProject
Project("{FAE04EC0-301F-11D3-BF4B-00C04F79EFBC}") = "vFireCat", "vFireCal\vFireCat.csproj", "{323E6372-2AB4-4E83-9355-8C2F40CA42DE}"
EndProject
Global
	GlobalSection(SolutionConfigurationPlatforms) = preSolution
		Debug|Any CPU = Debug|Any CPU
		Release|Any CPU = Release|Any CPU
	EndGlobalSection
	GlobalSection(ProjectConfigurationPlatforms) = postSolution
		{5DD275DB-8983-4635-B93B-11851DB5C24F}.Debug|Any CPU.ActiveCfg = Debug|Any CPU
		{5DD275DB-8983-4635-B93B-11851DB5C24F}.Debug|Any CPU.Build.0 = Debug|Any CPU
		{5DD275DB-8983-4635-B93B-11851DB5C24F}.Release|Any CPU.ActiveCfg = Release|Any CPU
		{5DD275DB-8983-4635-B93B-11851DB5C24F}.Release|Any CPU.Build.0 = Release|Any CPU
		{323E6372-2AB4-4E83-9355-8C2F40CA42DE}.Debug|Any CPU.ActiveCfg = Debug|Any CPU
		{323E6372-2AB4-4E83-9355-8C2F40CA42DE}.Debug|Any CPU.Build.0 = Debug|Any CPU
		{323E6372-2AB4-4E83-9355-8C2F40CA42DE}.Release|Any CPU.ActiveCfg = Release|Any CPU
		{323E6372-2AB4-4E83-9355-8C2F40CA42DE}.Release|Any CPU.Build.0 = Release|Any CPU
	EndGlobalSection
	GlobalSection(SolutionProperties) = preSolution
		HideSolutionNode = FALSE
	EndGlobalSection
	GlobalSection(ExtensibilityGlobals) = postSolution
		SolutionGuid = {6668B2B1-4700-4DFC-81F5-D2980B3C61ED}
	EndGlobalSection
EndGlobal
